{
  "name": "tap-defense-game",
  "version": "0.1.0",
  "lockfileVersion": 3,
  "requires": true,
  "packages": {
    "": {
      "name": "tap-defense-game",
      "version": "0.1.0",
      "dependencies": {
        "phaser": "file:../vendor/phaser"
      }
    },
    "../vendor/phaser": {
      "version": "0.0.1"
    },
    "node_modules/phaser": {
      "resolved": "../vendor/phaser",
      "link": true
    }
  }
}
