{
  "name": "tap-defense-infra",
  "version": "0.1.0",
  "lockfileVersion": 3,
  "requires": true,
  "packages": {
    "": {
      "name": "tap-defense-infra",
      "version": "0.1.0",
      "dependencies": {
        "aws-cdk-lib": "file:../vendor/aws-cdk-lib",
        "constructs": "file:../vendor/constructs"
      },
      "bin": {
        "infra": "bin/infra.ts"
      }
    },
    "../vendor/aws-cdk-lib": {
      "version": "0.0.1"
    },
    "../vendor/constructs": {
      "version": "0.0.1"
    },
    "node_modules/aws-cdk-lib": {
      "resolved": "../vendor/aws-cdk-lib",
      "link": true
    },
    "node_modules/constructs": {
      "resolved": "../vendor/constructs",
      "link": true
    }
  }
}
